
Microsoft Visual Studio Solution File, Format Version 12.00
# Visual Studio Version 17
VisualStudioVersion = 17.0.32014.148
MinimumVisualStudioVersion = 10.0.40219.1
Project("{FAE04EC0-301F-11D3-BF4B-00C04F79EFBC}") = "Hybrid.Working.Web", "Hybrid.Working.Web.csproj", "{F69E1BCE-8DA0-48CF-92A4-C0440271EB9C}"
EndProject
Project("{FAE04EC0-301F-11D3-BF4B-00C04F79EFBC}") = "Hybrid.Working.Application", "..\Hybrid.Working.Application\Hybrid.Working.Application.csproj", "{2EE0FB47-2564-4793-A236-76033CE7E0A2}"
EndProject
Project("{FAE04EC0-301F-11D3-BF4B-00C04F79EFBC}") = "Hybrid.Working.Domain", "..\Hybrid.Working.Domain\Hybrid.Working.Domain.csproj", "{977BE983-2877-449F-BF41-BF1E44B2DFAB}"
EndProject
Project("{FAE04EC0-301F-11D3-BF4B-00C04F79EFBC}") = "Hybrid.Working.Infrastructure", "..\Hybrid.Working.Infrastructure\Hybrid.Working.Infrastructure.csproj", "{75A13CCD-3059-4D68-938A-F5F1599BE56E}"
EndProject
Global
	GlobalSection(SolutionConfigurationPlatforms) = preSolution
		Debug|Any CPU = Debug|Any CPU
		Release|Any CPU = Release|Any CPU
	EndGlobalSection
	GlobalSection(ProjectConfigurationPlatforms) = postSolution
		{F69E1BCE-8DA0-48CF-92A4-C0440271EB9C}.Debug|Any CPU.ActiveCfg = Debug|Any CPU
		{F69E1BCE-8DA0-48CF-92A4-C0440271EB9C}.Debug|Any CPU.Build.0 = Debug|Any CPU
		{F69E1BCE-8DA0-48CF-92A4-C0440271EB9C}.Release|Any CPU.ActiveCfg = Release|Any CPU
		{F69E1BCE-8DA0-48CF-92A4-C0440271EB9C}.Release|Any CPU.Build.0 = Release|Any CPU
		{2EE0FB47-2564-4793-A236-76033CE7E0A2}.Debug|Any CPU.ActiveCfg = Debug|Any CPU
		{2EE0FB47-2564-4793-A236-76033CE7E0A2}.Debug|Any CPU.Build.0 = Debug|Any CPU
		{2EE0FB47-2564-4793-A236-76033CE7E0A2}.Release|Any CPU.ActiveCfg = Release|Any CPU
		{2EE0FB47-2564-4793-A236-76033CE7E0A2}.Release|Any CPU.Build.0 = Release|Any CPU
		{977BE983-2877-449F-BF41-BF1E44B2DFAB}.Debug|Any CPU.ActiveCfg = Debug|Any CPU
		{977BE983-2877-449F-BF41-BF1E44B2DFAB}.Debug|Any CPU.Build.0 = Debug|Any CPU
		{977BE983-2877-449F-BF41-BF1E44B2DFAB}.Release|Any CPU.ActiveCfg = Release|Any CPU
		{977BE983-2877-449F-BF41-BF1E44B2DFAB}.Release|Any CPU.Build.0 = Release|Any CPU
		{75A13CCD-3059-4D68-938A-F5F1599BE56E}.Debug|Any CPU.ActiveCfg = Debug|Any CPU
		{75A13CCD-3059-4D68-938A-F5F1599BE56E}.Debug|Any CPU.Build.0 = Debug|Any CPU
		{75A13CCD-3059-4D68-938A-F5F1599BE56E}.Release|Any CPU.ActiveCfg = Release|Any CPU
		{75A13CCD-3059-4D68-938A-F5F1599BE56E}.Release|Any CPU.Build.0 = Release|Any CPU
	EndGlobalSection
	GlobalSection(SolutionProperties) = preSolution
		HideSolutionNode = FALSE
	EndGlobalSection
	GlobalSection(ExtensibilityGlobals) = postSolution
		SolutionGuid = {1D93564A-4401-450A-ABCE-763079CF3ED8}
	EndGlobalSection
EndGlobal
